
Microsoft Visual Studio Solution File, Format Version 12.00
# Visual Studio Version 17
VisualStudioVersion = 17.3.32819.101
MinimumVisualStudioVersion = 10.0.40219.1
Project("{9A19103F-16F7-4668-BE54-9A1E7A4F7556}") = "FeatureToggle.Api", "FeatureToggle.Api\FeatureToggle.Api.csproj", "{5C5932DD-294E-4D14-AAD7-ED1602E965C2}"
EndProject
Project("{FAE04EC0-301F-11D3-BF4B-00C04F79EFBC}") = "FeatureToggle.Domain", "FeatureToggle.Domain\FeatureToggle.Domain.csproj", "{0B710E73-55E9-41A1-8A4E-EC016DE8E58C}"
EndProject
Global
	GlobalSection(SolutionConfigurationPlatforms) = preSolution
		Debug|Any CPU = Debug|Any CPU
		Release|Any CPU = Release|Any CPU
	EndGlobalSection
	GlobalSection(ProjectConfigurationPlatforms) = postSolution
		{5C5932DD-294E-4D14-AAD7-ED1602E965C2}.Debug|Any CPU.ActiveCfg = Debug|Any CPU
		{5C5932DD-294E-4D14-AAD7-ED1602E965C2}.Debug|Any CPU.Build.0 = Debug|Any CPU
		{5C5932DD-294E-4D14-AAD7-ED1602E965C2}.Release|Any CPU.ActiveCfg = Release|Any CPU
		{5C5932DD-294E-4D14-AAD7-ED1602E965C2}.Release|Any CPU.Build.0 = Release|Any CPU
		{0B710E73-55E9-41A1-8A4E-EC016DE8E58C}.Debug|Any CPU.ActiveCfg = Debug|Any CPU
		{0B710E73-55E9-41A1-8A4E-EC016DE8E58C}.Debug|Any CPU.Build.0 = Debug|Any CPU
		{0B710E73-55E9-41A1-8A4E-EC016DE8E58C}.Release|Any CPU.ActiveCfg = Release|Any CPU
		{0B710E73-55E9-41A1-8A4E-EC016DE8E58C}.Release|Any CPU.Build.0 = Release|Any CPU
	EndGlobalSection
	GlobalSection(SolutionProperties) = preSolution
		HideSolutionNode = FALSE
	EndGlobalSection
	GlobalSection(ExtensibilityGlobals) = postSolution
		SolutionGuid = {C1F136E9-53F3-4371-8808-DAA5238E1960}
	EndGlobalSection
EndGlobal
